PODS:
  - FBSDKCoreKit (5.7.0):
    - FBSDKCoreKit/Basics (= 5.7.0)
    - FBSDKCoreKit/Core (= 5.7.0)
  - FBSDKCoreKit/Basics (5.7.0)
  - FBSDKCoreKit/Core (5.7.0):
    - FBSDKCoreKit/Basics
  - FBSDKLoginKit (5.7.0):
    - FBSDKLoginKit/Login (= 5.7.0)
  - FBSDKLoginKit/Login (5.7.0):
    - FBSDKCoreKit (~> 5.0)
  - FBSDKShareKit (5.8.0):
    - FBSDKShareKit/Share (= 5.8.0)
  - FBSDKShareKit/Share (5.8.0):
    - FBSDKCoreKit (~> 5.0)

DEPENDENCIES:
  - FBSDKCoreKit
  - FBSDKLoginKit
  - FBSDKShareKit

SPEC REPOS:
  trunk:
    - FBSDKCoreKit
    - FBSDKLoginKit
    - FBSDKShareKit

SPEC CHECKSUMS:
  FBSDKCoreKit: 0d2d450fe9447e204fa6e912e0df76dd36693699
  FBSDKLoginKit: 4127e8260b96e0e4cc8ba0c10c95ee63941aa24a
  FBSDKShareKit: abc29e1bb4f9f59f679adf1ae191006d68455f96

PODFILE CHECKSUM: ba7275a49af51966ab88d965b4551277907baec9

COCOAPODS: 1.8.3
